
Microsoft Visual Studio Solution File, Format Version 12.00
# Visual Studio Version 16
VisualStudioVersion = 16.0.31025.194
MinimumVisualStudioVersion = 10.0.40219.1
Project("{FAE04EC0-301F-11D3-BF4B-00C04F79EFBC}") = "PCPartForum", "PCPartForum\PCPartForum.csproj", "{09A072FF-483B-4C7C-A192-C8206F07B7A1}"
EndProject
Global
	GlobalSection(SolutionConfigurationPlatforms) = preSolution
		Debug|Any CPU = Debug|Any CPU
		Release|Any CPU = Release|Any CPU
	EndGlobalSection
	GlobalSection(ProjectConfigurationPlatforms) = postSolution
		{09A072FF-483B-4C7C-A192-C8206F07B7A1}.Debug|Any CPU.ActiveCfg = Debug|Any CPU
		{09A072FF-483B-4C7C-A192-C8206F07B7A1}.Debug|Any CPU.Build.0 = Debug|Any CPU
		{09A072FF-483B-4C7C-A192-C8206F07B7A1}.Release|Any CPU.ActiveCfg = Release|Any CPU
		{09A072FF-483B-4C7C-A192-C8206F07B7A1}.Release|Any CPU.Build.0 = Release|Any CPU
	EndGlobalSection
	GlobalSection(SolutionProperties) = preSolution
		HideSolutionNode = FALSE
	EndGlobalSection
	GlobalSection(ExtensibilityGlobals) = postSolution
		SolutionGuid = {3BFDE084-F549-43C2-A0C1-5F57B02985E5}
	EndGlobalSection
EndGlobal
